{
  "nodes": {
    "go-plugins": {
      "inputs": {
        "nix-filter": "nix-filter",
        "nixpkgs": [
          "nixpkgs"
        ],
        "utils": [
          "utils"
        ]
      },
      "locked": {
        "lastModified": 1644001378,
        "narHash": "sha256-tMnCfCcILg7q+j4pr5bh/d8zbWrYwQF6ThUinGWrz74=",
        "owner": "flyx",
        "repo": "nix-flakes-go-plugins",
        "rev": "dd696788107509230512bc62a597925e6c8acbbd",
        "type": "github"
      },
      "original": {
        "owner": "flyx",
        "repo": "nix-flakes-go-plugins",
        "type": "github"
      }
    },
    "nix-filter": {
      "locked": {
        "lastModified": 1642416301,
        "narHash": "sha256-oDAx4I236QoOkEjihZaAbap0Gp0ibuvEK3NJ/UhohvI=",
        "owner": "numtide",
        "repo": "nix-filter",
        "rev": "26dd9843a9dd5ae67b605bfef731e4ef9df10370",
        "type": "github"
      },
      "original": {
        "owner": "numtide",
        "repo": "nix-filter",
        "type": "github"
      }
    },
    "nixpkgs": {
      "locked": {
        "lastModified": 1643788601,
        "narHash": "sha256-6l5Ax44pC/Oo/Muj5Y/NA27Pd38Wty/7GtGSSmYNug4=",
        "owner": "NixOS",
        "repo": "nixpkgs",
        "rev": "f6ddd55d5f9d5eca08df138c248008c1ba73ecec",
        "type": "github"
      },
      "original": {
        "owner": "NixOS",
        "ref": "nixos-21.11",
        "repo": "nixpkgs",
        "type": "github"
      }
    },
    "root": {
      "inputs": {
        "go-plugins": "go-plugins",
        "nixpkgs": "nixpkgs",
        "utils": "utils"
      }
    },
    "utils": {
      "locked": {
        "lastModified": 1642700792,
        "narHash": "sha256-XqHrk7hFb+zBvRg6Ghl+AZDq03ov6OshJLiSWOoX5es=",
        "owner": "numtide",
        "repo": "flake-utils",
        "rev": "846b2ae0fc4cc943637d3d1def4454213e203cba",
        "type": "github"
      },
      "original": {
        "owner": "numtide",
        "repo": "flake-utils",
        "type": "github"
      }
    }
  },
  "root": "root",
  "version": 7
}
