{
  "nodes": {
    "go-plugins": {
      "inputs": {
        "nix-filter": "nix-filter",
        "nixpkgs": [
          "nixpkgs"
        ],
        "utils": [
          "utils"
        ]
      },
      "locked": {
        "lastModified": 1645123427,
        "narHash": "sha256-KUliHgY/OcapDm9wrn0CncEQ711qrDUx/+HPp31ii8Q=",
        "owner": "flyx",
        "repo": "nix-flakes-go-plugins",
        "rev": "6255efa0e85f1a246d433f2644fa0143e235f292",
        "type": "github"
      },
      "original": {
        "owner": "flyx",
        "repo": "nix-flakes-go-plugins",
        "type": "github"
      }
    },
    "nix-filter": {
      "locked": {
        "lastModified": 1642416301,
        "narHash": "sha256-oDAx4I236QoOkEjihZaAbap0Gp0ibuvEK3NJ/UhohvI=",
        "owner": "numtide",
        "repo": "nix-filter",
        "rev": "26dd9843a9dd5ae67b605bfef731e4ef9df10370",
        "type": "github"
      },
      "original": {
        "owner": "numtide",
        "repo": "nix-filter",
        "type": "github"
      }
    },
    "nixpkgs": {
      "locked": {
        "lastModified": 1659446231,
        "narHash": "sha256-hekabNdTdgR/iLsgce5TGWmfIDZ86qjPhxDg/8TlzhE=",
        "owner": "NixOS",
        "repo": "nixpkgs",
        "rev": "eabc38219184cc3e04a974fe31857d8e0eac098d",
        "type": "github"
      },
      "original": {
        "owner": "NixOS",
        "ref": "nixos-21.11",
        "repo": "nixpkgs",
        "type": "github"
      }
    },
    "root": {
      "inputs": {
        "go-plugins": "go-plugins",
        "nixpkgs": "nixpkgs",
        "utils": "utils"
      }
    },
    "utils": {
      "locked": {
        "lastModified": 1659877975,
        "narHash": "sha256-zllb8aq3YO3h8B/U0/J1WBgAL8EX5yWf5pMj3G0NAmc=",
        "owner": "numtide",
        "repo": "flake-utils",
        "rev": "c0e246b9b83f637f4681389ecabcb2681b4f3af0",
        "type": "github"
      },
      "original": {
        "owner": "numtide",
        "repo": "flake-utils",
        "type": "github"
      }
    }
  },
  "root": "root",
  "version": 7
}
